# THIS IS AN AUTOGENERATED FILE. DO NOT EDIT THIS FILE DIRECTLY.
# yarn lockfile v1


"@actions/core@^1.2.5":
  version "1.2.5"
  resolved "https://registry.yarnpkg.com/@actions/core/-/core-1.2.5.tgz#fa57bf8c07a38191e243beb9ea9d8368c1cb02c8"
  integrity sha512-mwpoNjHSWWh0IiALdDEQi3tru124JKn0yVNziIBzTME8QRv7thwoghVuT1jBRjFvdtoHsqD58IRHy1nf86paRg==

"@actions/github@^4.0.0":
  version "4.0.0"
  resolved "https://registry.yarnpkg.com/@actions/github/-/github-4.0.0.tgz#d520483151a2bf5d2dc9cd0f20f9ac3a2e458816"
  integrity sha512-Ej/Y2E+VV6sR9X7pWL5F3VgEWrABaT292DRqRU6R4hnQjPtC/zD3nagxVdXWiRQvYDh8kHXo7IDmG42eJ/dOMA==
  dependencies:
    "@actions/http-client" "^1.0.8"
    "@octokit/core" "^3.0.0"
    "@octokit/plugin-paginate-rest" "^2.2.3"
    "@octokit/plugin-rest-endpoint-methods" "^4.0.0"

"@actions/http-client@^1.0.8":
  version "1.0.8"
  resolved "https://registry.yarnpkg.com/@actions/http-client/-/http-client-1.0.8.tgz#8bd76e8eca89dc8bcf619aa128eba85f7a39af45"
  integrity sha512-G4JjJ6f9Hb3Zvejj+ewLLKLf99ZC+9v+yCxoYf9vSyH+WkzPLB2LuUtRMGNkooMqdugGBFStIKXOuvH1W+EctA==
  dependencies:
    tunnel "0.0.6"

"@octokit/auth-token@^2.4.0":
  version "2.4.2"
  resolved "https://registry.yarnpkg.com/@octokit/auth-token/-/auth-token-2.4.2.tgz#10d0ae979b100fa6b72fa0e8e63e27e6d0dbff8a"
  integrity sha512-jE/lE/IKIz2v1+/P0u4fJqv0kYwXOTujKemJMFr6FeopsxlIK3+wKDCJGnysg81XID5TgZQbIfuJ5J0lnTiuyQ==
  dependencies:
    "@octokit/types" "^5.0.0"

"@octokit/core@^3.0.0":
  version "3.1.2"
  resolved "https://registry.yarnpkg.com/@octokit/core/-/core-3.1.2.tgz#c937d5f9621b764573068fcd2e5defcc872fd9cc"
  integrity sha512-AInOFULmwOa7+NFi9F8DlDkm5qtZVmDQayi7TUgChE3yeIGPq0Y+6cAEXPexQ3Ea+uZy66hKEazR7DJyU+4wfw==
  dependencies:
    "@octokit/auth-token" "^2.4.0"
    "@octokit/graphql" "^4.3.1"
    "@octokit/request" "^5.4.0"
    "@octokit/types" "^5.0.0"
    before-after-hook "^2.1.0"
    universal-user-agent "^6.0.0"

"@octokit/endpoint@^6.0.1":
  version "6.0.5"
  resolved "https://registry.yarnpkg.com/@octokit/endpoint/-/endpoint-6.0.5.tgz#43a6adee813c5ffd2f719e20cfd14a1fee7c193a"
  integrity sha512-70K5u6zd45ItOny6aHQAsea8HHQjlQq85yqOMe+Aj8dkhN2qSJ9T+Q3YjUjEYfPRBcuUWNgMn62DQnP/4LAIiQ==
  dependencies:
    "@octokit/types" "^5.0.0"
    is-plain-object "^4.0.0"
    universal-user-agent "^6.0.0"

"@octokit/graphql@^4.3.1":
  version "4.5.4"
  resolved "https://registry.yarnpkg.com/@octokit/graphql/-/graphql-4.5.4.tgz#c9ef75b0406ebf195bf5f4ed2304a77ed7df27c7"
  integrity sha512-ITpZ+dQc0cXAW1FmDkHJJM+8Lb6anUnin0VB5hLBilnYVdLC0ICFU/KIvT7OXfW9S81DE3U4Vx2EypDG1OYaPA==
  dependencies:
    "@octokit/request" "^5.3.0"
    "@octokit/types" "^5.0.0"
    universal-user-agent "^6.0.0"

"@octokit/plugin-paginate-rest@^2.2.3":
  version "2.3.2"
  resolved "https://registry.yarnpkg.com/@octokit/plugin-paginate-rest/-/plugin-paginate-rest-2.3.2.tgz#746fca42bc1c79639625dbcafe983e3581bdbfc7"
  integrity sha512-PjHbMhKryxClCrmfvRpGaKCTxUcHIf2zirWRV9SMGf0EmxD/rFew/abSqbMiLl9uQgRZvqtTyCRMGMlUv1ZsBg==
  dependencies:
    "@octokit/types" "^5.3.0"

"@octokit/plugin-rest-endpoint-methods@^4.0.0":
  version "4.1.4"
  resolved "https://registry.yarnpkg.com/@octokit/plugin-rest-endpoint-methods/-/plugin-rest-endpoint-methods-4.1.4.tgz#ca60736d761b304fec02a2608caaec2d822e9835"
  integrity sha512-Y2tVpSa7HjV3DGIQrQOJcReJ2JtcN9FaGr9jDa332Flro923/h3/Iu9e7Y4GilnzfLclHEh5iCQoCkHm7tWOcg==
  dependencies:
    "@octokit/types" "^5.4.1"
    deprecation "^2.3.1"

"@octokit/request-error@^2.0.0":
  version "2.0.2"
  resolved "https://registry.yarnpkg.com/@octokit/request-error/-/request-error-2.0.2.tgz#0e76b83f5d8fdda1db99027ea5f617c2e6ba9ed0"
  integrity sha512-2BrmnvVSV1MXQvEkrb9zwzP0wXFNbPJij922kYBTLIlIafukrGOb+ABBT2+c6wZiuyWDH1K1zmjGQ0toN/wMWw==
  dependencies:
    "@octokit/types" "^5.0.1"
    deprecation "^2.0.0"
    once "^1.4.0"

"@octokit/request@^5.3.0", "@octokit/request@^5.4.0":
  version "5.4.7"
  resolved "https://registry.yarnpkg.com/@octokit/request/-/request-5.4.7.tgz#fd703ee092e0463ceba49ff7a3e61cb4cf8a0fde"
  integrity sha512-FN22xUDP0i0uF38YMbOfx6TotpcENP5W8yJM1e/LieGXn6IoRxDMnBf7tx5RKSW4xuUZ/1P04NFZy5iY3Rax1A==
  dependencies:
    "@octokit/endpoint" "^6.0.1"
    "@octokit/request-error" "^2.0.0"
    "@octokit/types" "^5.0.0"
    deprecation "^2.0.0"
    is-plain-object "^4.0.0"
    node-fetch "^2.3.0"
    once "^1.4.0"
    universal-user-agent "^6.0.0"

"@octokit/types@^5.0.0", "@octokit/types@^5.0.1", "@octokit/types@^5.3.0", "@octokit/types@^5.4.1":
  version "5.4.1"
  resolved "https://registry.yarnpkg.com/@octokit/types/-/types-5.4.1.tgz#d5d5f2b70ffc0e3f89467c3db749fa87fc3b7031"
  integrity sha512-OlMlSySBJoJ6uozkr/i03nO5dlYQyE05vmQNZhAh9MyO4DPBP88QlwsDVLmVjIMFssvIZB6WO0ctIGMRG+xsJQ==
  dependencies:
    "@types/node" ">= 8"

"@tokenizer/token@^0.1.0", "@tokenizer/token@^0.1.1":
  version "0.1.1"
  resolved "https://registry.yarnpkg.com/@tokenizer/token/-/token-0.1.1.tgz#f0d92c12f87079ddfd1b29f614758b9696bc29e3"
  integrity sha512-XO6INPbZCxdprl+9qa/AAbFFOMzzwqYxpjPgLICrMD6C2FCw6qfJOPcBk6JqqPLSaZ/Qx87qn4rpPmPMwaAK6w==

"@types/debug@^4.1.5":
  version "4.1.5"
  resolved "https://registry.yarnpkg.com/@types/debug/-/debug-4.1.5.tgz#b14efa8852b7768d898906613c23f688713e02cd"
  integrity sha512-Q1y515GcOdTHgagaVFhHnIFQ38ygs/kmxdNpvpou+raI9UO3YZcHDngBSYKQklcKlvA7iuQlmIKbzvmxcOE9CQ==

"@types/node@>= 8":
  version "14.6.4"
  resolved "https://registry.yarnpkg.com/@types/node/-/node-14.6.4.tgz#a145cc0bb14ef9c4777361b7bbafa5cf8e3acb5a"
  integrity sha512-Wk7nG1JSaMfMpoMJDKUsWYugliB2Vy55pdjLpmLixeyMi7HizW2I/9QoxsPCkXl3dO+ZOVqPumKaDUv5zJu2uQ==

"@vercel/ncc@^0.24.0":
  version "0.24.0"
  resolved "https://registry.yarnpkg.com/@vercel/ncc/-/ncc-0.24.0.tgz#a2e8783a185caa99b5d8961a57dfc9665de16296"
  integrity sha512-crqItMcIwCkvdXY/V3/TzrHJQx6nbIaRqE1cOopJhgGX6izvNov40SmD//nS5flfEvdK54YGjwVVq+zG6crjOg==

base64-js@^1.0.2:
  version "1.3.1"
  resolved "https://registry.yarnpkg.com/base64-js/-/base64-js-1.3.1.tgz#58ece8cb75dd07e71ed08c736abc5fac4dbf8df1"
  integrity sha512-mLQ4i2QO1ytvGWFWmcngKO//JXAQueZvwEKtjgQFM4jIK0kU+ytMfplL8j+n5mspOfjHwoAg+9yhb7BwAHm36g==

before-after-hook@^2.1.0:
  version "2.1.0"
  resolved "https://registry.yarnpkg.com/before-after-hook/-/before-after-hook-2.1.0.tgz#b6c03487f44e24200dd30ca5e6a1979c5d2fb635"
  integrity sha512-IWIbu7pMqyw3EAJHzzHbWa85b6oud/yfKYg5rqB5hNE8CeMi3nX+2C2sj0HswfblST86hpVEOAb9x34NZd6P7A==

buffer-crc32@~0.2.3:
  version "0.2.13"
  resolved "https://registry.yarnpkg.com/buffer-crc32/-/buffer-crc32-0.2.13.tgz#0d333e3f00eac50aa1454abd30ef8c2a5d9a7242"
  integrity sha1-DTM+PwDqxQqhRUq9MO+MKl2ackI=

buffer@^5.1.0, buffer@^5.4.3:
  version "5.6.0"
  resolved "https://registry.yarnpkg.com/buffer/-/buffer-5.6.0.tgz#a31749dc7d81d84db08abf937b6b8c4033f62786"
  integrity sha512-/gDYp/UtU0eA1ys8bOs9J6a+E/KWIY+DZ+Q2WESNUA0jFRsJOc0SNUO6xJ5SGA1xueg3NL65W6s+NY5l9cunuw==
  dependencies:
    base64-js "^1.0.2"
    ieee754 "^1.1.4"

bufferpack@0.0.6:
  version "0.0.6"
  resolved "https://registry.yarnpkg.com/bufferpack/-/bufferpack-0.0.6.tgz#fb3d8738a0e1e4e03bcff99f9a75f9ec18a9d73e"
  integrity sha1-+z2HOKDh5OA7z/mfmnX57Bip1z4=

bytebuffer@^5.0.1:
  version "5.0.1"
  resolved "https://registry.yarnpkg.com/bytebuffer/-/bytebuffer-5.0.1.tgz#582eea4b1a873b6d020a48d58df85f0bba6cfddd"
  integrity sha1-WC7qSxqHO20CCkjVjfhfC7ps/d0=
  dependencies:
    long "~3"

cgbi-to-png@^1.0.7:
  version "1.0.7"
  resolved "https://registry.yarnpkg.com/cgbi-to-png/-/cgbi-to-png-1.0.7.tgz#c7497580f76f87c2f5d825748a9d902b4072c004"
  integrity sha512-YR80kxTPuq9oRpZUdQmNEQWrmTKLINk1cfLVfyrV7Rfr9KLtLJdcockPKbreIr4JYAq+DhHBR7w+WA/tF5VDaQ==
  dependencies:
    bufferpack "0.0.6"
    crc "^3.3.0"
    stream-to-buffer "^0.1.0"
    streamifier "^0.1.1"

crc@^3.3.0:
  version "3.8.0"
  resolved "https://registry.yarnpkg.com/crc/-/crc-3.8.0.tgz#ad60269c2c856f8c299e2c4cc0de4556914056c6"
  integrity sha512-iX3mfgcTMIq3ZKLIsVFAbv7+Mc10kxabAGQb8HvjA1o3T1PIYprbakQ65d3I+2HGHt6nSKkM9PYjgoJO2KcFBQ==
  dependencies:
    buffer "^5.1.0"

deprecation@^2.0.0, deprecation@^2.3.1:
  version "2.3.1"
  resolved "https://registry.yarnpkg.com/deprecation/-/deprecation-2.3.1.tgz#6368cbdb40abf3373b525ac87e4a260c3a700919"
  integrity sha512-xmHIy4F3scKVwMsQ4WnVaS8bHOx0DmVwRywosKhaILI0ywMDWPtBSku2HNxRvF7jtwDRsoEwYQSfbxj8b7RlJQ==

fd-slicer@~1.1.0:
  version "1.1.0"
  resolved "https://registry.yarnpkg.com/fd-slicer/-/fd-slicer-1.1.0.tgz#25c7c89cb1f9077f8891bbe61d8f390eae256f1e"
  integrity sha1-JcfInLH5B3+IkbvmHY85Dq4lbx4=
  dependencies:
    pend "~1.2.0"

file-type@^15.0.0:
  version "15.0.0"
  resolved "https://registry.yarnpkg.com/file-type/-/file-type-15.0.0.tgz#e981077b92b7855180fc822adb857567f58080be"
  integrity sha512-l0JCuF5F7NIybCfa9G2H0lKhhGaf0z+HJyLOmB2feknY7/HBVNyD4PLesGKLGqznwyVXGNnfpIOr+Fvca6bOEg==
  dependencies:
    readable-web-to-node-stream "^2.0.0"
    strtok3 "^6.0.3"
    token-types "^2.0.0"
    typedarray-to-buffer "^3.1.5"

ieee754@^1.1.13, ieee754@^1.1.4:
  version "1.1.13"
  resolved "https://registry.yarnpkg.com/ieee754/-/ieee754-1.1.13.tgz#ec168558e95aa181fd87d37f55c32bbcb6708b84"
  integrity sha512-4vf7I2LYV/HaWerSo3XmlMkp5eZ83i+/CDluXi/IGTs/O1sejBNhTtnxzmRZfvOUqj7lZjqHkeTvpgSFDlWZTg==

is-plain-object@^4.0.0:
  version "4.1.1"
  resolved "https://registry.yarnpkg.com/is-plain-object/-/is-plain-object-4.1.1.tgz#1a14d6452cbd50790edc7fdaa0aed5a40a35ebb5"
  integrity sha512-5Aw8LLVsDlZsETVMhoMXzqsXwQqr/0vlnBYzIXJbYo2F4yYlhLHs+Ez7Bod7IIQKWkJbJfxrWD7pA1Dw1TKrwA==

is-typedarray@^1.0.0:
  version "1.0.0"
  resolved "https://registry.yarnpkg.com/is-typedarray/-/is-typedarray-1.0.0.tgz#e479c80858df0c1b11ddda6940f96011fcda4a9a"
  integrity sha1-5HnICFjfDBsR3dppQPlgEfzaSpo=

long@~3:
  version "3.2.0"
  resolved "https://registry.yarnpkg.com/long/-/long-3.2.0.tgz#d821b7138ca1cb581c172990ef14db200b5c474b"
  integrity sha1-2CG3E4yhy1gcFymQ7xTbIAtcR0s=

node-fetch@^2.3.0:
  version "2.6.1"
  resolved "https://registry.yarnpkg.com/node-fetch/-/node-fetch-2.6.1.tgz#045bd323631f76ed2e2b55573394416b639a0052"
  integrity sha512-V4aYg89jEoVRxRb2fJdAg8FHvI7cEyYdVAh94HH0UIK8oJxUfkjlDQN9RbMx+bEjP7+ggMiFRprSti032Oipxw==

once@^1.4.0:
  version "1.4.0"
  resolved "https://registry.yarnpkg.com/once/-/once-1.4.0.tgz#583b1aa775961d4b113ac17d9c50baef9dd76bd1"
  integrity sha1-WDsap3WWHUsROsF9nFC6753Xa9E=
  dependencies:
    wrappy "1"

peek-readable@^3.1.0:
  version "3.1.0"
  resolved "https://registry.yarnpkg.com/peek-readable/-/peek-readable-3.1.0.tgz#250b08b7de09db8573d7fd8ea475215bbff14348"
  integrity sha512-KGuODSTV6hcgdZvDrIDBUkN0utcAVj1LL7FfGbM0viKTtCHmtZcuEJ+lGqsp0fTFkGqesdtemV2yUSMeyy3ddA==

pend@~1.2.0:
  version "1.2.0"
  resolved "https://registry.yarnpkg.com/pend/-/pend-1.2.0.tgz#7a57eb550a6783f9115331fcf4663d5c8e007a50"
  integrity sha1-elfrVQpng/kRUzH89GY9XI4AelA=

readable-web-to-node-stream@^2.0.0:
  version "2.0.0"
  resolved "https://registry.yarnpkg.com/readable-web-to-node-stream/-/readable-web-to-node-stream-2.0.0.tgz#751e632f466552ac0d5c440cc01470352f93c4b7"
  integrity sha512-+oZJurc4hXpaaqsN68GoZGQAQIA3qr09Or4fqEsargABnbe5Aau8hFn6ISVleT3cpY/0n/8drn7huyyEvTbghA==

reiko-parser@^1.0.8:
  version "1.0.8"
  resolved "https://registry.yarnpkg.com/reiko-parser/-/reiko-parser-1.0.8.tgz#466e750ae852575bd98f6c10eec5995e05c6dbc3"
  integrity sha512-v/AFeCaqec8mzuAXIuQm/2rDGEIGzhlkxcMuUyLDPoCctw7wMplDscwXcXGqNsxJcCOiSNkUVNItVv+DhwbYRg==
  dependencies:
    buffer "^5.4.3"
    bytebuffer "^5.0.1"
    cgbi-to-png "^1.0.7"
    xmldom "^0.1.27"
    yauzl "^2.10.0"

stream-to-buffer@^0.1.0:
  version "0.1.0"
  resolved "https://registry.yarnpkg.com/stream-to-buffer/-/stream-to-buffer-0.1.0.tgz#26799d903ab2025c9bd550ac47171b00f8dd80a9"
  integrity sha1-JnmdkDqyAlyb1VCsRxcbAPjdgKk=
  dependencies:
    stream-to "~0.2.0"

stream-to@~0.2.0:
  version "0.2.2"
  resolved "https://registry.yarnpkg.com/stream-to/-/stream-to-0.2.2.tgz#84306098d85fdb990b9fa300b1b3ccf55e8ef01d"
  integrity sha1-hDBgmNhf25kLn6MAsbPM9V6O8B0=

streamifier@^0.1.1:
  version "0.1.1"
  resolved "https://registry.yarnpkg.com/streamifier/-/streamifier-0.1.1.tgz#97e98d8fa4d105d62a2691d1dc07e820db8dfc4f"
  integrity sha1-l+mNj6TRBdYqJpHR3AfoINuN/E8=

strtok3@^6.0.3:
  version "6.0.4"
  resolved "https://registry.yarnpkg.com/strtok3/-/strtok3-6.0.4.tgz#ede0d20fde5aa9fda56417c3558eaafccc724694"
  integrity sha512-rqWMKwsbN9APU47bQTMEYTPcwdpKDtmf1jVhHzNW2cL1WqAxaM9iBb9t5P2fj+RV2YsErUWgQzHD5JwV0uCTEQ==
  dependencies:
    "@tokenizer/token" "^0.1.1"
    "@types/debug" "^4.1.5"
    peek-readable "^3.1.0"

token-types@^2.0.0:
  version "2.0.0"
  resolved "https://registry.yarnpkg.com/token-types/-/token-types-2.0.0.tgz#b23618af744818299c6fbf125e0fdad98bab7e85"
  integrity sha512-WWvu8sGK8/ZmGusekZJJ5NM6rRVTTDO7/bahz4NGiSDb/XsmdYBn6a1N/bymUHuWYTWeuLUg98wUzvE4jPdCZw==
  dependencies:
    "@tokenizer/token" "^0.1.0"
    ieee754 "^1.1.13"

tunnel@0.0.6:
  version "0.0.6"
  resolved "https://registry.yarnpkg.com/tunnel/-/tunnel-0.0.6.tgz#72f1314b34a5b192db012324df2cc587ca47f92c"
  integrity sha512-1h/Lnq9yajKY2PEbBadPXj3VxsDDu844OnaAo52UVmIzIvwwtBPIuNvkjuzBlTWpfJyUbG3ez0KSBibQkj4ojg==

typedarray-to-buffer@^3.1.5:
  version "3.1.5"
  resolved "https://registry.yarnpkg.com/typedarray-to-buffer/-/typedarray-to-buffer-3.1.5.tgz#a97ee7a9ff42691b9f783ff1bc5112fe3fca9080"
  integrity sha512-zdu8XMNEDepKKR+XYOXAVPtWui0ly0NtohUscw+UmaHiAWT8hrV1rr//H6V+0DvJ3OQ19S979M0laLfX8rm82Q==
  dependencies:
    is-typedarray "^1.0.0"

universal-user-agent@^6.0.0:
  version "6.0.0"
  resolved "https://registry.yarnpkg.com/universal-user-agent/-/universal-user-agent-6.0.0.tgz#3381f8503b251c0d9cd21bc1de939ec9df5480ee"
  integrity sha512-isyNax3wXoKaulPDZWHQqbmIx1k2tb9fb3GGDBRxCscfYV2Ch7WxPArBsFEG8s/safwXTT7H4QGhaIkTp9447w==

wrappy@1:
  version "1.0.2"
  resolved "https://registry.yarnpkg.com/wrappy/-/wrappy-1.0.2.tgz#b5243d8f3ec1aa35f1364605bc0d1036e30ab69f"
  integrity sha1-tSQ9jz7BqjXxNkYFvA0QNuMKtp8=

xmldom@^0.1.27:
  version "0.1.31"
  resolved "https://registry.yarnpkg.com/xmldom/-/xmldom-0.1.31.tgz#b76c9a1bd9f0a9737e5a72dc37231cf38375e2ff"
  integrity sha512-yS2uJflVQs6n+CyjHoaBmVSqIDevTAWrzMmjG1Gc7h1qQ7uVozNhEPJAwZXWyGQ/Gafo3fCwrcaokezLPupVyQ==

yauzl@^2.10.0:
  version "2.10.0"
  resolved "https://registry.yarnpkg.com/yauzl/-/yauzl-2.10.0.tgz#c7eb17c93e112cb1086fa6d8e51fb0667b79a5f9"
  integrity sha1-x+sXyT4RLLEIb6bY5R+wZnt5pfk=
  dependencies:
    buffer-crc32 "~0.2.3"
    fd-slicer "~1.1.0"
